
Microsoft Visual Studio Solution File, Format Version 12.00
# Visual Studio Version 17
VisualStudioVersion = 17.0.31903.59
MinimumVisualStudioVersion = 10.0.40219.1
Project("{9A19103F-16F7-4668-BE54-9A1E7A4F7556}") = "App.Domain", "src\App.Domain\App.Domain.csproj", "{ED86CAC4-E0C8-4074-90C8-057206A1B48D}"
EndProject
Project("{9A19103F-16F7-4668-BE54-9A1E7A4F7556}") = "App.Infrastructure", "src\App.Infrastructure\App.Infrastructure.csproj", "{E655E59F-3F2E-4637-B31A-B99AEABDB2D8}"
EndProject
Project("{9A19103F-16F7-4668-BE54-9A1E7A4F7556}") = "App.Website", "src\App.Website\App.Website.csproj", "{CE09C389-F0C4-48A6-85EA-69C570BA1EBB}"
EndProject
Project("{FAE04EC0-301F-11D3-BF4B-00C04F79EFBC}") = "App.AccountManagement", "src\App.AccountManagement\App.AccountManagement.csproj", "{1D212564-E2DC-41E3-BE3B-09C0CD1A9E4D}"
EndProject
Global
	GlobalSection(SolutionConfigurationPlatforms) = preSolution
		Debug|Any CPU = Debug|Any CPU
		Release|Any CPU = Release|Any CPU
	EndGlobalSection
	GlobalSection(ProjectConfigurationPlatforms) = postSolution
		{ED86CAC4-E0C8-4074-90C8-057206A1B48D}.Debug|Any CPU.ActiveCfg = Debug|Any CPU
		{ED86CAC4-E0C8-4074-90C8-057206A1B48D}.Debug|Any CPU.Build.0 = Debug|Any CPU
		{ED86CAC4-E0C8-4074-90C8-057206A1B48D}.Release|Any CPU.ActiveCfg = Release|Any CPU
		{ED86CAC4-E0C8-4074-90C8-057206A1B48D}.Release|Any CPU.Build.0 = Release|Any CPU
		{E655E59F-3F2E-4637-B31A-B99AEABDB2D8}.Debug|Any CPU.ActiveCfg = Debug|Any CPU
		{E655E59F-3F2E-4637-B31A-B99AEABDB2D8}.Debug|Any CPU.Build.0 = Debug|Any CPU
		{E655E59F-3F2E-4637-B31A-B99AEABDB2D8}.Release|Any CPU.ActiveCfg = Release|Any CPU
		{E655E59F-3F2E-4637-B31A-B99AEABDB2D8}.Release|Any CPU.Build.0 = Release|Any CPU
		{CE09C389-F0C4-48A6-85EA-69C570BA1EBB}.Debug|Any CPU.ActiveCfg = Debug|Any CPU
		{CE09C389-F0C4-48A6-85EA-69C570BA1EBB}.Debug|Any CPU.Build.0 = Debug|Any CPU
		{CE09C389-F0C4-48A6-85EA-69C570BA1EBB}.Release|Any CPU.ActiveCfg = Release|Any CPU
		{CE09C389-F0C4-48A6-85EA-69C570BA1EBB}.Release|Any CPU.Build.0 = Release|Any CPU
		{1D212564-E2DC-41E3-BE3B-09C0CD1A9E4D}.Debug|Any CPU.ActiveCfg = Debug|Any CPU
		{1D212564-E2DC-41E3-BE3B-09C0CD1A9E4D}.Debug|Any CPU.Build.0 = Debug|Any CPU
		{1D212564-E2DC-41E3-BE3B-09C0CD1A9E4D}.Release|Any CPU.ActiveCfg = Release|Any CPU
		{1D212564-E2DC-41E3-BE3B-09C0CD1A9E4D}.Release|Any CPU.Build.0 = Release|Any CPU
	EndGlobalSection
	GlobalSection(SolutionProperties) = preSolution
		HideSolutionNode = FALSE
	EndGlobalSection
	GlobalSection(ExtensibilityGlobals) = postSolution
		SolutionGuid = {C9445DD5-C756-40DF-B3C7-60F614C415F5}
	EndGlobalSection
EndGlobal
